
Microsoft Visual Studio Solution File, Format Version 12.00
Project("{FAE04EC0-301F-11D3-BF4B-00C04F79EFBC}") = "CrayonCCP", "CrayonCCP\CrayonCCP.csproj", "{EE0B044D-4A60-4275-BC5E-64030E0EF2C2}"
EndProject
Project("{2150E333-8FDC-42A3-9474-1A3956D46DE8}") = "Solution Items", "Solution Items", "{34BC1D84-E924-4375-B54D-8C9B79A12A31}"
	ProjectSection(SolutionItems) = preProject
		docker-compose.yml = docker-compose.yml
	EndProjectSection
EndProject
Project("{FAE04EC0-301F-11D3-BF4B-00C04F79EFBC}") = "CrayonCCP.Domain", "CrayonCCP.Domain\CrayonCCP.Domain.csproj", "{19C895B3-D446-4AF7-9D58-138FD5B5187A}"
EndProject
Project("{FAE04EC0-301F-11D3-BF4B-00C04F79EFBC}") = "CrayonCCP.Infrastructure", "CrayonCCP.Infrastructure\CrayonCCP.Infrastructure.csproj", "{015DDAD0-F315-492D-B514-4CC8A7734327}"
EndProject
Project("{2150E333-8FDC-42A3-9474-1A3956D46DE8}") = "CCP", "CCP", "{5422B2D9-3062-4698-960B-8ACA1F0DA30D}"
EndProject
Project("{2150E333-8FDC-42A3-9474-1A3956D46DE8}") = "API", "API", "{9C4A65DB-C438-42C6-82F2-C213B6152449}"
EndProject
Project("{FAE04EC0-301F-11D3-BF4B-00C04F79EFBC}") = "Crayon.API", "Crayon.API\Crayon.API.csproj", "{D875E446-2A07-487C-B67E-5B57046CF086}"
EndProject
Project("{FAE04EC0-301F-11D3-BF4B-00C04F79EFBC}") = "Crayon.API.Domain", "Crayon.API.Domain\Crayon.API.Domain.csproj", "{9350220F-21AC-4E14-B338-904AAE0FE0BE}"
EndProject
Project("{FAE04EC0-301F-11D3-BF4B-00C04F79EFBC}") = "Crayon.API.Infrastructure", "Crayon.API.Infrastructure\Crayon.API.Infrastructure.csproj", "{65EFB72B-3BC0-4CEE-AC59-B2058A27DFFF}"
EndProject
Global
	GlobalSection(SolutionConfigurationPlatforms) = preSolution
		Debug|Any CPU = Debug|Any CPU
		Release|Any CPU = Release|Any CPU
	EndGlobalSection
	GlobalSection(ProjectConfigurationPlatforms) = postSolution
		{EE0B044D-4A60-4275-BC5E-64030E0EF2C2}.Debug|Any CPU.ActiveCfg = Debug|Any CPU
		{EE0B044D-4A60-4275-BC5E-64030E0EF2C2}.Debug|Any CPU.Build.0 = Debug|Any CPU
		{EE0B044D-4A60-4275-BC5E-64030E0EF2C2}.Release|Any CPU.ActiveCfg = Release|Any CPU
		{EE0B044D-4A60-4275-BC5E-64030E0EF2C2}.Release|Any CPU.Build.0 = Release|Any CPU
		{19C895B3-D446-4AF7-9D58-138FD5B5187A}.Debug|Any CPU.ActiveCfg = Debug|Any CPU
		{19C895B3-D446-4AF7-9D58-138FD5B5187A}.Debug|Any CPU.Build.0 = Debug|Any CPU
		{19C895B3-D446-4AF7-9D58-138FD5B5187A}.Release|Any CPU.ActiveCfg = Release|Any CPU
		{19C895B3-D446-4AF7-9D58-138FD5B5187A}.Release|Any CPU.Build.0 = Release|Any CPU
		{015DDAD0-F315-492D-B514-4CC8A7734327}.Debug|Any CPU.ActiveCfg = Debug|Any CPU
		{015DDAD0-F315-492D-B514-4CC8A7734327}.Debug|Any CPU.Build.0 = Debug|Any CPU
		{015DDAD0-F315-492D-B514-4CC8A7734327}.Release|Any CPU.ActiveCfg = Release|Any CPU
		{015DDAD0-F315-492D-B514-4CC8A7734327}.Release|Any CPU.Build.0 = Release|Any CPU
		{D875E446-2A07-487C-B67E-5B57046CF086}.Debug|Any CPU.ActiveCfg = Debug|Any CPU
		{D875E446-2A07-487C-B67E-5B57046CF086}.Debug|Any CPU.Build.0 = Debug|Any CPU
		{D875E446-2A07-487C-B67E-5B57046CF086}.Release|Any CPU.ActiveCfg = Release|Any CPU
		{D875E446-2A07-487C-B67E-5B57046CF086}.Release|Any CPU.Build.0 = Release|Any CPU
		{9350220F-21AC-4E14-B338-904AAE0FE0BE}.Debug|Any CPU.ActiveCfg = Debug|Any CPU
		{9350220F-21AC-4E14-B338-904AAE0FE0BE}.Debug|Any CPU.Build.0 = Debug|Any CPU
		{9350220F-21AC-4E14-B338-904AAE0FE0BE}.Release|Any CPU.ActiveCfg = Release|Any CPU
		{9350220F-21AC-4E14-B338-904AAE0FE0BE}.Release|Any CPU.Build.0 = Release|Any CPU
		{65EFB72B-3BC0-4CEE-AC59-B2058A27DFFF}.Debug|Any CPU.ActiveCfg = Debug|Any CPU
		{65EFB72B-3BC0-4CEE-AC59-B2058A27DFFF}.Debug|Any CPU.Build.0 = Debug|Any CPU
		{65EFB72B-3BC0-4CEE-AC59-B2058A27DFFF}.Release|Any CPU.ActiveCfg = Release|Any CPU
		{65EFB72B-3BC0-4CEE-AC59-B2058A27DFFF}.Release|Any CPU.Build.0 = Release|Any CPU
	EndGlobalSection
	GlobalSection(NestedProjects) = preSolution
		{EE0B044D-4A60-4275-BC5E-64030E0EF2C2} = {5422B2D9-3062-4698-960B-8ACA1F0DA30D}
		{19C895B3-D446-4AF7-9D58-138FD5B5187A} = {5422B2D9-3062-4698-960B-8ACA1F0DA30D}
		{015DDAD0-F315-492D-B514-4CC8A7734327} = {5422B2D9-3062-4698-960B-8ACA1F0DA30D}
		{D875E446-2A07-487C-B67E-5B57046CF086} = {9C4A65DB-C438-42C6-82F2-C213B6152449}
		{9350220F-21AC-4E14-B338-904AAE0FE0BE} = {9C4A65DB-C438-42C6-82F2-C213B6152449}
		{65EFB72B-3BC0-4CEE-AC59-B2058A27DFFF} = {9C4A65DB-C438-42C6-82F2-C213B6152449}
	EndGlobalSection
EndGlobal
